
Microsoft Visual Studio Solution File, Format Version 12.00
Project("{FAE04EC0-301F-11D3-BF4B-00C04F79EFBC}") = "FactoryMethod", "FactoryMethod\FactoryMethod.csproj", "{A61BD621-94C3-497A-83FF-B989B2F46860}"
EndProject
Project("{FAE04EC0-301F-11D3-BF4B-00C04F79EFBC}") = "AbstractFactory", "AbstractFactory\AbstractFactory.csproj", "{B75E349D-6E93-4B25-B7BD-4889F6AB1F0B}"
EndProject
Project("{FAE04EC0-301F-11D3-BF4B-00C04F79EFBC}") = "Builder", "Builder\Builder.csproj", "{65AF3582-1205-40C4-82ED-DB94C658952D}"
EndProject
Project("{FAE04EC0-301F-11D3-BF4B-00C04F79EFBC}") = "Prototype", "Prototype\Prototype.csproj", "{216E4871-2119-4659-9E06-4A74B9D42270}"
EndProject
Global
	GlobalSection(SolutionConfigurationPlatforms) = preSolution
		Debug|Any CPU = Debug|Any CPU
		Release|Any CPU = Release|Any CPU
	EndGlobalSection
	GlobalSection(ProjectConfigurationPlatforms) = postSolution
		{A61BD621-94C3-497A-83FF-B989B2F46860}.Debug|Any CPU.ActiveCfg = Debug|Any CPU
		{A61BD621-94C3-497A-83FF-B989B2F46860}.Debug|Any CPU.Build.0 = Debug|Any CPU
		{A61BD621-94C3-497A-83FF-B989B2F46860}.Release|Any CPU.ActiveCfg = Release|Any CPU
		{A61BD621-94C3-497A-83FF-B989B2F46860}.Release|Any CPU.Build.0 = Release|Any CPU
		{B75E349D-6E93-4B25-B7BD-4889F6AB1F0B}.Debug|Any CPU.ActiveCfg = Debug|Any CPU
		{B75E349D-6E93-4B25-B7BD-4889F6AB1F0B}.Debug|Any CPU.Build.0 = Debug|Any CPU
		{B75E349D-6E93-4B25-B7BD-4889F6AB1F0B}.Release|Any CPU.ActiveCfg = Release|Any CPU
		{B75E349D-6E93-4B25-B7BD-4889F6AB1F0B}.Release|Any CPU.Build.0 = Release|Any CPU
		{65AF3582-1205-40C4-82ED-DB94C658952D}.Debug|Any CPU.ActiveCfg = Debug|Any CPU
		{65AF3582-1205-40C4-82ED-DB94C658952D}.Debug|Any CPU.Build.0 = Debug|Any CPU
		{65AF3582-1205-40C4-82ED-DB94C658952D}.Release|Any CPU.ActiveCfg = Release|Any CPU
		{65AF3582-1205-40C4-82ED-DB94C658952D}.Release|Any CPU.Build.0 = Release|Any CPU
		{216E4871-2119-4659-9E06-4A74B9D42270}.Debug|Any CPU.ActiveCfg = Debug|Any CPU
		{216E4871-2119-4659-9E06-4A74B9D42270}.Debug|Any CPU.Build.0 = Debug|Any CPU
		{216E4871-2119-4659-9E06-4A74B9D42270}.Release|Any CPU.ActiveCfg = Release|Any CPU
		{216E4871-2119-4659-9E06-4A74B9D42270}.Release|Any CPU.Build.0 = Release|Any CPU
	EndGlobalSection
EndGlobal
